<?xml version="1.0" encoding="utf-8"?>
<Project ToolsVersion="4.0" xmlns="http://schemas.microsoft.com/developer/msbuild/2003">
  <ItemGroup>
    <Filter Include="Source Files">
      <UniqueIdentifier>{4FC737F1-C7A5-4376-A066-2A32D752A2FF}</UniqueIdentifier>
      <Extensions>cpp;c;cc;cxx;def;odl;idl;hpj;bat;asm;asmx</Extensions>
    </Filter>
    <Filter Include="Header Files">
      <UniqueIdentifier>{93995380-89BD-4b04-88EB-625FBE52EBFB}</UniqueIdentifier>
      <Extensions>h;hpp;hxx;hm;inl;inc;xsd</Extensions>
    </Filter>
    <Filter Include="Resource Files">
      <UniqueIdentifier>{67DA6AB6-F800-4c08-8B7A-83BB121AAD01}</UniqueIdentifier>
      <Extensions>rc;ico;cur;bmp;dlg;rc2;rct;bin;rgs;gif;jpg;jpeg;jpe;resx;tiff;tif;png;wav</Extensions>
    </Filter>
  </ItemGroup>
  <ItemGroup>
    <ClCompile Include="..\extensions.cpp">
      <Filter>Source Files</Filter>
    </ClCompile>
    <ClCompile Include="..\input.cpp">
      <Filter>Source Files</Filter>
    </ClCompile>
    <ClCompile Include="..\main.cpp">
      <Filter>Source Files</Filter>
    </ClCompile>
    <ClCompile Include="..\quick3ds.cpp">
      <Filter>Source Files</Filter>
    </ClCompile>
    <ClCompile Include="..\quickcam.cpp">
      <Filter>Source Files</Filter>
    </ClCompile>
    <ClCompile Include="..\quickimage.cpp">
      <Filter>Source Files</Filter>
    </ClCompile>
    <ClCompile Include="..\quickindex_t.cpp">
      <Filter>Source Files</Filter>
    </ClCompile>
    <ClCompile Include="..\quickINI.cpp">
      <Filter>Source Files</Filter>
    </ClCompile>
    <ClCompile Include="..\quicklights.cpp">
      <Filter>Source Files</Filter>
    </ClCompile>
    <ClCompile Include="..\quickshader.cpp">
      <Filter>Source Files</Filter>
    </ClCompile>
    <ClCompile Include="..\windowsvc.cpp">
      <Filter>Source Files</Filter>
    </ClCompile>
    <ClCompile Include="..\quickmath.cpp">
      <Filter>Source Files</Filter>
    </ClCompile>
    <ClCompile Include="..\quickrender.cpp">
      <Filter>Source Files</Filter>
    </ClCompile>
    <ClCompile Include="..\quickgeom.cpp">
      <Filter>Source Files</Filter>
    </ClCompile>
    <ClCompile Include="..\guimgr.cpp">
      <Filter>Source Files</Filter>
    </ClCompile>
    <ClCompile Include="..\guiwidget.cpp">
      <Filter>Source Files</Filter>
    </ClCompile>
    <ClCompile Include="..\guiwindow.cpp">
      <Filter>Source Files</Filter>
    </ClCompile>
  </ItemGroup>
  <ItemGroup>
    <ClInclude Include="..\extensions.h">
      <Filter>Header Files</Filter>
    </ClInclude>
    <ClInclude Include="..\input.h">
      <Filter>Header Files</Filter>
    </ClInclude>
    <ClInclude Include="..\quick3ds.h">
      <Filter>Header Files</Filter>
    </ClInclude>
    <ClInclude Include="..\quickcam.h">
      <Filter>Header Files</Filter>
    </ClInclude>
    <ClInclude Include="..\quickcpu.h">
      <Filter>Header Files</Filter>
    </ClInclude>
    <ClInclude Include="..\quickerror.h">
      <Filter>Header Files</Filter>
    </ClInclude>
    <ClInclude Include="..\quickimage.h">
      <Filter>Header Files</Filter>
    </ClInclude>
    <ClInclude Include="..\quickindex_t.h">
      <Filter>Header Files</Filter>
    </ClInclude>
    <ClInclude Include="..\quickINI.h">
      <Filter>Header Files</Filter>
    </ClInclude>
    <ClInclude Include="..\quicklights.h">
      <Filter>Header Files</Filter>
    </ClInclude>
    <ClInclude Include="..\quickmath.h">
      <Filter>Header Files</Filter>
    </ClInclude>
    <ClInclude Include="..\quickshader.h">
      <Filter>Header Files</Filter>
    </ClInclude>
    <ClInclude Include="..\windowsvc.h">
      <Filter>Header Files</Filter>
    </ClInclude>
    <ClInclude Include="..\quickdraw.h">
      <Filter>Header Files</Filter>
    </ClInclude>
    <ClInclude Include="..\quickrender.h">
      <Filter>Header Files</Filter>
    </ClInclude>
    <ClInclude Include="..\quickgeom.h">
      <Filter>Header Files</Filter>
    </ClInclude>
    <ClInclude Include="..\guimgr.h">
      <Filter>Header Files</Filter>
    </ClInclude>
    <ClInclude Include="..\guiwidget.h">
      <Filter>Header Files</Filter>
    </ClInclude>
    <ClInclude Include="..\guiwindow.h">
      <Filter>Header Files</Filter>
    </ClInclude>
    <ClInclude Include="..\quickhash.h">
      <Filter>Header Files</Filter>
    </ClInclude>
  </ItemGroup>
</Project>