
Microsoft Visual Studio Solution File, Format Version 12.00
# Visual Studio 2012
Project("{8BC9CEB8-8B4A-11D0-8D11-00A0C91BC942}") = "Mooball", "Mooball.vcxproj", "{7E30F101-EDF6-4BE2-A8C8-E184CF9DF72D}"
EndProject
Project("{2150E333-8FDC-42A3-9474-1A3956D46DE8}") = "Solution Items", "Solution Items", "{0465EE76-26A5-4AB1-A192-CD7E5D762287}"
EndProject
Global
	GlobalSection(SolutionConfigurationPlatforms) = preSolution
		Debug|Win32 = Debug|Win32
		Release|Win32 = Release|Win32
	EndGlobalSection
	GlobalSection(ProjectConfigurationPlatforms) = postSolution
		{7E30F101-EDF6-4BE2-A8C8-E184CF9DF72D}.Debug|Win32.ActiveCfg = Debug|Win32
		{7E30F101-EDF6-4BE2-A8C8-E184CF9DF72D}.Debug|Win32.Build.0 = Debug|Win32
		{7E30F101-EDF6-4BE2-A8C8-E184CF9DF72D}.Release|Win32.ActiveCfg = Release|Win32
		{7E30F101-EDF6-4BE2-A8C8-E184CF9DF72D}.Release|Win32.Build.0 = Release|Win32
	EndGlobalSection
	GlobalSection(SolutionProperties) = preSolution
		HideSolutionNode = FALSE
	EndGlobalSection
EndGlobal
